
Microsoft Visual Studio Solution File, Format Version 12.00
# Visual Studio 2013
Project("{FAE04EC0-301F-11D3-BF4B-00C04F79EFBC}") = "UnityVS.Conquest.CSharp", "UnityVS.Conquest.CSharp.csproj", "{DAA6A281-A917-F4B1-DCFB-DF634F398868}"
EndProject
Global
	GlobalSection(SolutionConfigurationPlatforms) = preSolution
		Debug|Any CPU = Debug|Any CPU
		Release|Any CPU = Release|Any CPU
	EndGlobalSection
	GlobalSection(ProjectConfigurationPlatforms) = postSolution
		{DAA6A281-A917-F4B1-DCFB-DF634F398868}.Debug|Any CPU.ActiveCfg = Debug|Any CPU
		{DAA6A281-A917-F4B1-DCFB-DF634F398868}.Debug|Any CPU.Build.0 = Debug|Any CPU
		{DAA6A281-A917-F4B1-DCFB-DF634F398868}.Release|Any CPU.ActiveCfg = Release|Any CPU
		{DAA6A281-A917-F4B1-DCFB-DF634F398868}.Release|Any CPU.Build.0 = Release|Any CPU
	EndGlobalSection
	GlobalSection(SolutionProperties) = preSolution
		HideSolutionNode = FALSE
	EndGlobalSection
EndGlobal
